
Microsoft Visual Studio Solution File, Format Version 12.00
# Visual Studio Express 2012 for Web
Project("{F2A71F9B-5D33-465A-A702-920D77279786}") = "fsharp_sudoku_repl", "fsharp_sudoku_repl.fsproj", "{28210934-817C-4569-B97F-4147CD2F4491}"
EndProject
Global
	GlobalSection(SolutionConfigurationPlatforms) = preSolution
		Debug|Any CPU = Debug|Any CPU
		Release|Any CPU = Release|Any CPU
	EndGlobalSection
	GlobalSection(ProjectConfigurationPlatforms) = postSolution
		{28210934-817C-4569-B97F-4147CD2F4491}.Debug|Any CPU.ActiveCfg = Debug|Any CPU
		{28210934-817C-4569-B97F-4147CD2F4491}.Debug|Any CPU.Build.0 = Debug|Any CPU
		{28210934-817C-4569-B97F-4147CD2F4491}.Release|Any CPU.ActiveCfg = Release|Any CPU
		{28210934-817C-4569-B97F-4147CD2F4491}.Release|Any CPU.Build.0 = Release|Any CPU
	EndGlobalSection
	GlobalSection(SolutionProperties) = preSolution
		HideSolutionNode = FALSE
	EndGlobalSection
EndGlobal
